{
  "name": "meshforum",
  "version": "0.1.0",
  "lockfileVersion": 3,
  "requires": true,
  "packages": {
    "": {
      "name": "meshforum",
      "version": "0.1.0",
      "dependencies": {
        "@fontsource/press-start-2p": "^5.2.7"
      }
    },
    "node_modules/@fontsource/press-start-2p": {
      "version": "5.2.7",
      "resolved": "https://registry.npmjs.org/@fontsource/press-start-2p/-/press-start-2p-5.2.7.tgz",
      "integrity": "sha512-ezSxYRchANoteja170ZHh2Tt4oejmVEvX42VFPOVVvERSZ68pcuZFjbhHfrK/sNjYmaGg656y7B3431ojO9PCQ==",
      "funding": {
        "url": "https://github.com/sponsors/ayuhito"
      }
    }
  }
}
